
Microsoft Visual Studio Solution File, Format Version 12.00
# Visual Studio Version 16
VisualStudioVersion = 16.0.28803.352
MinimumVisualStudioVersion = 10.0.40219.1
Project("{FAE04EC0-301F-11D3-BF4B-00C04F79EFBC}") = "EA.Notifications.Android", "EA.Notifications\EA.Notifications.Android\EA.Notifications.Android.csproj", "{92198748-B83C-4393-8AC8-EF6978BD7FDC}"
EndProject
Project("{FAE04EC0-301F-11D3-BF4B-00C04F79EFBC}") = "EA.Notifications.iOS", "EA.Notifications\EA.Notifications.iOS\EA.Notifications.iOS.csproj", "{7742CEBC-3E9F-4280-B701-20DA7580B5DF}"
EndProject
Project("{9A19103F-16F7-4668-BE54-9A1E7A4F7556}") = "EA.Notifications", "EA.Notifications\EA.Notifications\EA.Notifications.csproj", "{3566DAFB-7C41-4882-A7D9-600FF02EF624}"
EndProject
Project("{9A19103F-16F7-4668-BE54-9A1E7A4F7556}") = "EA.Notifications.Dispatcher", "EA.Notifications.Dispatcher\EA.Notifications.Dispatcher.csproj", "{1182FAAD-CB66-464C-8241-1A46E94924CE}"
EndProject
Project("{9A19103F-16F7-4668-BE54-9A1E7A4F7556}") = "EA.Notifications.AWS.Lambda", "EA.Notifications.AWS.Lambda\EA.Notifications.AWS.Lambda.csproj", "{F5E11444-D4D4-48E2-85F4-45122364479F}"
EndProject
Global
	GlobalSection(SolutionConfigurationPlatforms) = preSolution
		Debug|Any CPU = Debug|Any CPU
		Debug|iPhone = Debug|iPhone
		Debug|iPhoneSimulator = Debug|iPhoneSimulator
		Release|Any CPU = Release|Any CPU
		Release|iPhone = Release|iPhone
		Release|iPhoneSimulator = Release|iPhoneSimulator
	EndGlobalSection
	GlobalSection(ProjectConfigurationPlatforms) = postSolution
		{92198748-B83C-4393-8AC8-EF6978BD7FDC}.Debug|Any CPU.ActiveCfg = Debug|Any CPU
		{92198748-B83C-4393-8AC8-EF6978BD7FDC}.Debug|Any CPU.Build.0 = Debug|Any CPU
		{92198748-B83C-4393-8AC8-EF6978BD7FDC}.Debug|Any CPU.Deploy.0 = Debug|Any CPU
		{92198748-B83C-4393-8AC8-EF6978BD7FDC}.Debug|iPhone.ActiveCfg = Debug|Any CPU
		{92198748-B83C-4393-8AC8-EF6978BD7FDC}.Debug|iPhone.Build.0 = Debug|Any CPU
		{92198748-B83C-4393-8AC8-EF6978BD7FDC}.Debug|iPhone.Deploy.0 = Debug|Any CPU
		{92198748-B83C-4393-8AC8-EF6978BD7FDC}.Debug|iPhoneSimulator.ActiveCfg = Debug|Any CPU
		{92198748-B83C-4393-8AC8-EF6978BD7FDC}.Debug|iPhoneSimulator.Build.0 = Debug|Any CPU
		{92198748-B83C-4393-8AC8-EF6978BD7FDC}.Debug|iPhoneSimulator.Deploy.0 = Debug|Any CPU
		{92198748-B83C-4393-8AC8-EF6978BD7FDC}.Release|Any CPU.ActiveCfg = Release|Any CPU
		{92198748-B83C-4393-8AC8-EF6978BD7FDC}.Release|Any CPU.Build.0 = Release|Any CPU
		{92198748-B83C-4393-8AC8-EF6978BD7FDC}.Release|Any CPU.Deploy.0 = Release|Any CPU
		{92198748-B83C-4393-8AC8-EF6978BD7FDC}.Release|iPhone.ActiveCfg = Release|Any CPU
		{92198748-B83C-4393-8AC8-EF6978BD7FDC}.Release|iPhone.Build.0 = Release|Any CPU
		{92198748-B83C-4393-8AC8-EF6978BD7FDC}.Release|iPhone.Deploy.0 = Release|Any CPU
		{92198748-B83C-4393-8AC8-EF6978BD7FDC}.Release|iPhoneSimulator.ActiveCfg = Release|Any CPU
		{92198748-B83C-4393-8AC8-EF6978BD7FDC}.Release|iPhoneSimulator.Build.0 = Release|Any CPU
		{92198748-B83C-4393-8AC8-EF6978BD7FDC}.Release|iPhoneSimulator.Deploy.0 = Release|Any CPU
		{7742CEBC-3E9F-4280-B701-20DA7580B5DF}.Debug|Any CPU.ActiveCfg = Debug|iPhoneSimulator
		{7742CEBC-3E9F-4280-B701-20DA7580B5DF}.Debug|Any CPU.Build.0 = Debug|iPhoneSimulator
		{7742CEBC-3E9F-4280-B701-20DA7580B5DF}.Debug|Any CPU.Deploy.0 = Debug|iPhoneSimulator
		{7742CEBC-3E9F-4280-B701-20DA7580B5DF}.Debug|iPhone.ActiveCfg = Debug|iPhone
		{7742CEBC-3E9F-4280-B701-20DA7580B5DF}.Debug|iPhone.Build.0 = Debug|iPhone
		{7742CEBC-3E9F-4280-B701-20DA7580B5DF}.Debug|iPhone.Deploy.0 = Debug|iPhone
		{7742CEBC-3E9F-4280-B701-20DA7580B5DF}.Debug|iPhoneSimulator.ActiveCfg = Debug|iPhoneSimulator
		{7742CEBC-3E9F-4280-B701-20DA7580B5DF}.Debug|iPhoneSimulator.Build.0 = Debug|iPhoneSimulator
		{7742CEBC-3E9F-4280-B701-20DA7580B5DF}.Debug|iPhoneSimulator.Deploy.0 = Debug|iPhoneSimulator
		{7742CEBC-3E9F-4280-B701-20DA7580B5DF}.Release|Any CPU.ActiveCfg = Release|iPhone
		{7742CEBC-3E9F-4280-B701-20DA7580B5DF}.Release|Any CPU.Build.0 = Release|iPhone
		{7742CEBC-3E9F-4280-B701-20DA7580B5DF}.Release|Any CPU.Deploy.0 = Release|iPhone
		{7742CEBC-3E9F-4280-B701-20DA7580B5DF}.Release|iPhone.ActiveCfg = Release|iPhone
		{7742CEBC-3E9F-4280-B701-20DA7580B5DF}.Release|iPhone.Build.0 = Release|iPhone
		{7742CEBC-3E9F-4280-B701-20DA7580B5DF}.Release|iPhone.Deploy.0 = Release|iPhone
		{7742CEBC-3E9F-4280-B701-20DA7580B5DF}.Release|iPhoneSimulator.ActiveCfg = Release|iPhoneSimulator
		{7742CEBC-3E9F-4280-B701-20DA7580B5DF}.Release|iPhoneSimulator.Build.0 = Release|iPhoneSimulator
		{7742CEBC-3E9F-4280-B701-20DA7580B5DF}.Release|iPhoneSimulator.Deploy.0 = Release|iPhoneSimulator
		{3566DAFB-7C41-4882-A7D9-600FF02EF624}.Debug|Any CPU.ActiveCfg = Debug|Any CPU
		{3566DAFB-7C41-4882-A7D9-600FF02EF624}.Debug|Any CPU.Build.0 = Debug|Any CPU
		{3566DAFB-7C41-4882-A7D9-600FF02EF624}.Debug|Any CPU.Deploy.0 = Debug|Any CPU
		{3566DAFB-7C41-4882-A7D9-600FF02EF624}.Debug|iPhone.ActiveCfg = Debug|Any CPU
		{3566DAFB-7C41-4882-A7D9-600FF02EF624}.Debug|iPhone.Build.0 = Debug|Any CPU
		{3566DAFB-7C41-4882-A7D9-600FF02EF624}.Debug|iPhone.Deploy.0 = Debug|Any CPU
		{3566DAFB-7C41-4882-A7D9-600FF02EF624}.Debug|iPhoneSimulator.ActiveCfg = Debug|Any CPU
		{3566DAFB-7C41-4882-A7D9-600FF02EF624}.Debug|iPhoneSimulator.Build.0 = Debug|Any CPU
		{3566DAFB-7C41-4882-A7D9-600FF02EF624}.Debug|iPhoneSimulator.Deploy.0 = Debug|Any CPU
		{3566DAFB-7C41-4882-A7D9-600FF02EF624}.Release|Any CPU.ActiveCfg = Release|Any CPU
		{3566DAFB-7C41-4882-A7D9-600FF02EF624}.Release|Any CPU.Build.0 = Release|Any CPU
		{3566DAFB-7C41-4882-A7D9-600FF02EF624}.Release|Any CPU.Deploy.0 = Release|Any CPU
		{3566DAFB-7C41-4882-A7D9-600FF02EF624}.Release|iPhone.ActiveCfg = Release|Any CPU
		{3566DAFB-7C41-4882-A7D9-600FF02EF624}.Release|iPhone.Build.0 = Release|Any CPU
		{3566DAFB-7C41-4882-A7D9-600FF02EF624}.Release|iPhone.Deploy.0 = Release|Any CPU
		{3566DAFB-7C41-4882-A7D9-600FF02EF624}.Release|iPhoneSimulator.ActiveCfg = Release|Any CPU
		{3566DAFB-7C41-4882-A7D9-600FF02EF624}.Release|iPhoneSimulator.Build.0 = Release|Any CPU
		{3566DAFB-7C41-4882-A7D9-600FF02EF624}.Release|iPhoneSimulator.Deploy.0 = Release|Any CPU
		{1182FAAD-CB66-464C-8241-1A46E94924CE}.Debug|Any CPU.ActiveCfg = Debug|Any CPU
		{1182FAAD-CB66-464C-8241-1A46E94924CE}.Debug|Any CPU.Build.0 = Debug|Any CPU
		{1182FAAD-CB66-464C-8241-1A46E94924CE}.Debug|iPhone.ActiveCfg = Debug|Any CPU
		{1182FAAD-CB66-464C-8241-1A46E94924CE}.Debug|iPhone.Build.0 = Debug|Any CPU
		{1182FAAD-CB66-464C-8241-1A46E94924CE}.Debug|iPhoneSimulator.ActiveCfg = Debug|Any CPU
		{1182FAAD-CB66-464C-8241-1A46E94924CE}.Debug|iPhoneSimulator.Build.0 = Debug|Any CPU
		{1182FAAD-CB66-464C-8241-1A46E94924CE}.Release|Any CPU.ActiveCfg = Release|Any CPU
		{1182FAAD-CB66-464C-8241-1A46E94924CE}.Release|Any CPU.Build.0 = Release|Any CPU
		{1182FAAD-CB66-464C-8241-1A46E94924CE}.Release|iPhone.ActiveCfg = Release|Any CPU
		{1182FAAD-CB66-464C-8241-1A46E94924CE}.Release|iPhone.Build.0 = Release|Any CPU
		{1182FAAD-CB66-464C-8241-1A46E94924CE}.Release|iPhoneSimulator.ActiveCfg = Release|Any CPU
		{1182FAAD-CB66-464C-8241-1A46E94924CE}.Release|iPhoneSimulator.Build.0 = Release|Any CPU
		{F5E11444-D4D4-48E2-85F4-45122364479F}.Debug|Any CPU.ActiveCfg = Debug|Any CPU
		{F5E11444-D4D4-48E2-85F4-45122364479F}.Debug|Any CPU.Build.0 = Debug|Any CPU
		{F5E11444-D4D4-48E2-85F4-45122364479F}.Debug|iPhone.ActiveCfg = Debug|Any CPU
		{F5E11444-D4D4-48E2-85F4-45122364479F}.Debug|iPhone.Build.0 = Debug|Any CPU
		{F5E11444-D4D4-48E2-85F4-45122364479F}.Debug|iPhoneSimulator.ActiveCfg = Debug|Any CPU
		{F5E11444-D4D4-48E2-85F4-45122364479F}.Debug|iPhoneSimulator.Build.0 = Debug|Any CPU
		{F5E11444-D4D4-48E2-85F4-45122364479F}.Release|Any CPU.ActiveCfg = Release|Any CPU
		{F5E11444-D4D4-48E2-85F4-45122364479F}.Release|Any CPU.Build.0 = Release|Any CPU
		{F5E11444-D4D4-48E2-85F4-45122364479F}.Release|iPhone.ActiveCfg = Release|Any CPU
		{F5E11444-D4D4-48E2-85F4-45122364479F}.Release|iPhone.Build.0 = Release|Any CPU
		{F5E11444-D4D4-48E2-85F4-45122364479F}.Release|iPhoneSimulator.ActiveCfg = Release|Any CPU
		{F5E11444-D4D4-48E2-85F4-45122364479F}.Release|iPhoneSimulator.Build.0 = Release|Any CPU
	EndGlobalSection
	GlobalSection(SolutionProperties) = preSolution
		HideSolutionNode = FALSE
	EndGlobalSection
	GlobalSection(ExtensibilityGlobals) = postSolution
		SolutionGuid = {45897760-34A1-4989-95B5-4EDB2A96BD5B}
	EndGlobalSection
EndGlobal
